
Microsoft Visual Studio Solution File, Format Version 12.00
# Visual Studio Version 17
VisualStudioVersion = 17.4.33110.190
MinimumVisualStudioVersion = 10.0.40219.1
Project("{FAE04EC0-301F-11D3-BF4B-00C04F79EFBC}") = "UC2-LastName", "UC2-LastName.csproj", "{774CBA52-AA9D-4C64-80D5-8FEDA244C22F}"
EndProject
Global
	GlobalSection(SolutionConfigurationPlatforms) = preSolution
		Debug|Any CPU = Debug|Any CPU
		Release|Any CPU = Release|Any CPU
	EndGlobalSection
	GlobalSection(ProjectConfigurationPlatforms) = postSolution
		{774CBA52-AA9D-4C64-80D5-8FEDA244C22F}.Debug|Any CPU.ActiveCfg = Debug|Any CPU
		{774CBA52-AA9D-4C64-80D5-8FEDA244C22F}.Debug|Any CPU.Build.0 = Debug|Any CPU
		{774CBA52-AA9D-4C64-80D5-8FEDA244C22F}.Release|Any CPU.ActiveCfg = Release|Any CPU
		{774CBA52-AA9D-4C64-80D5-8FEDA244C22F}.Release|Any CPU.Build.0 = Release|Any CPU
	EndGlobalSection
	GlobalSection(SolutionProperties) = preSolution
		HideSolutionNode = FALSE
	EndGlobalSection
	GlobalSection(ExtensibilityGlobals) = postSolution
		SolutionGuid = {E8DD9EC7-C9F6-4AF7-857D-0EBDE4AE5CA5}
	EndGlobalSection
EndGlobal
