
Microsoft Visual Studio Solution File, Format Version 12.00
# Visual Studio Version 17
VisualStudioVersion = 17.4.33110.190
MinimumVisualStudioVersion = 10.0.40219.1
Project("{FAE04EC0-301F-11D3-BF4B-00C04F79EFBC}") = "UC6-Rule2", "UC6-Rule2.csproj", "{A20CB58E-0EF4-4F7E-BFE9-ABA4AE7C787D}"
EndProject
Global
	GlobalSection(SolutionConfigurationPlatforms) = preSolution
		Debug|Any CPU = Debug|Any CPU
		Release|Any CPU = Release|Any CPU
	EndGlobalSection
	GlobalSection(ProjectConfigurationPlatforms) = postSolution
		{A20CB58E-0EF4-4F7E-BFE9-ABA4AE7C787D}.Debug|Any CPU.ActiveCfg = Debug|Any CPU
		{A20CB58E-0EF4-4F7E-BFE9-ABA4AE7C787D}.Debug|Any CPU.Build.0 = Debug|Any CPU
		{A20CB58E-0EF4-4F7E-BFE9-ABA4AE7C787D}.Release|Any CPU.ActiveCfg = Release|Any CPU
		{A20CB58E-0EF4-4F7E-BFE9-ABA4AE7C787D}.Release|Any CPU.Build.0 = Release|Any CPU
	EndGlobalSection
	GlobalSection(SolutionProperties) = preSolution
		HideSolutionNode = FALSE
	EndGlobalSection
	GlobalSection(ExtensibilityGlobals) = postSolution
		SolutionGuid = {CDCB5863-D55C-4AAF-B8A3-870AE0773A64}
	EndGlobalSection
EndGlobal
